{
  "requires": true,
  "lockfileVersion": 1,
  "dependencies": {
    "@types/youtube": {
      "version": "0.0.38",
      "resolved": "https://registry.npmjs.org/@types/youtube/-/youtube-0.0.38.tgz",
      "integrity": "sha512-rS0nLlnnZIvOfBNT4957rkKRMHjHxutoVhSEzowocYgNiTMVBmN+Hbkf/L3TeGMMtts9uKZ9gw7O2JLHREVnIw=="
    },
    "react-youtube-iframe-player": {
      "version": "1.0.1",
      "resolved": "https://registry.npmjs.org/react-youtube-iframe-player/-/react-youtube-iframe-player-1.0.1.tgz",
      "integrity": "sha512-I+M7AMNu2yUdQMQEQyOYYEpmTy72sGtbEkE5qr0m4Mb8Sv5/tqCRXrtbwbGo10+x1Gx8VeMwhcyzFoa/qq/E5w=="
    }
  }
}
